# THIS IS AN AUTOGENERATED FILE. DO NOT EDIT THIS FILE DIRECTLY.
# yarn lockfile v1


"@vant/area-data@^1.1.5":
  version "1.1.5"
  resolved "https://registry.yarnpkg.com/@vant/area-data/-/area-data-1.1.5.tgz#84df2063f222e7ea130ecb1c8d0943bb7a3a4d75"
  integrity sha512-dva7UJXpOzR38dgSLW2pPD9e3EXLXokk7Un5LVzI3OtfWfF8FnQVScLjvHU0xB9I7UIQRKRoT6xtM8V1B5K0cg==

"@vant/weapp@^1.9.2":
  version "1.10.0"
  resolved "https://registry.yarnpkg.com/@vant/weapp/-/weapp-1.10.0.tgz#7d4a4a56673544f9d0d7f094d19006abb31db67d"
  integrity sha512-cNW2U98GlYwh8t4loEASyvukITlPohJM9HkAF8/dRSJrKm2689nqE8eeASFkWADdhqayGvy08cWoJhqMNh6ZXA==
